<Solution>
  <Folder Name="/src/">
    <Project Path="src/Application.HomePlanner/Application.HomePlanner.csproj" />
    <Project Path="src/Domain.HomePlanner/Domain.HomePlanner.csproj" />
    <Project Path="src/Framework.HomePlanner/Framework.HomePlanner.csproj" />
    <Project Path="src/HomePlanner.BlazorServer/HomePlanner.BlazorServer.csproj" />
    <Project Path="src/Infrastructure.HomePlanner/Infrastructure.HomePlanner.csproj" />
    <Project Path="src/HomePlanner.MobileApp/HomePlanner.MobileApp.csproj" />
  </Folder>
  <Folder Name="/tests/">
    <Project Path="tests/Tests.HomePlanner/Tests.HomePlanner.csproj" />
  </Folder>
</Solution>
